// !$*UTF8*$!
{
	archiveVersion = 1;
	classes = {
	};
	objectVersion = 46;
	objects = {

/* Begin PBXBuildFile section */
		0C26AF8A1EDEB5EA00D2334B /* main.m in Sources */ = {isa = PBXBuildFile; fileRef = 0C26AF891EDEB5EA00D2334B /* main.m */; };
		0C26AF8D1EDEB5EA00D2334B /* AppDelegate.m in Sources */ = {isa = PBXBuildFile; fileRef = 0C26AF8C1EDEB5EA00D2334B /* AppDelegate.m */; };
		0C26AF901EDEB5EA00D2334B /* ViewController.m in Sources */ = {isa = PBXBuildFile; fileRef = 0C26AF8F1EDEB5EA00D2334B /* ViewController.m */; };
		0C26AF931EDEB5EA00D2334B /* Main.storyboard in Resources */ = {isa = PBXBuildFile; fileRef = 0C26AF911EDEB5EA00D2334B /* Main.storyboard */; };
		0C26AF951EDEB5EA00D2334B /* Assets.xcassets in Resources */ = {isa = PBXBuildFile; fileRef = 0C26AF941EDEB5EA00D2334B /* Assets.xcassets */; };
		0C26AF981EDEB5EA00D2334B /* LaunchScreen.storyboard in Resources */ = {isa = PBXBuildFile; fileRef = 0C26AF961EDEB5EA00D2334B /* LaunchScreen.storyboard */; };
		0C26AFA11EDEC46C00D2334B /* MyScrollView.m in Sources */ = {isa = PBXBuildFile; fileRef = 0C26AFA01EDEC46C00D2334B /* MyScrollView.m */; };
/* End PBXBuildFile section */

/* Begin PBXFileReference section */
		0C26AF851EDEB5EA00D2334B /* ScrollViewExample.app */ = {isa = PBXFileReference; explicitFileType = wrapper.application; includeInIndex = 0; path = ScrollViewExample.app; sourceTree = BUILT_PRODUCTS_DIR; };
		0C26AF891EDEB5EA00D2334B /* main.m */ = {isa = PBXFileReference; lastKnownFileType = sourcecode.c.objc; path = main.m; sourceTree = "<group>"; };
		0C26AF8B1EDEB5EA00D2334B /* AppDelegate.h */ = {isa = PBXFileReference; lastKnownFileType = sourcecode.c.h; path = AppDelegate.h; sourceTree = "<group>"; };
		0C26AF8C1EDEB5EA00D2334B /* AppDelegate.m */ = {isa = PBXFileReference; lastKnownFileType = sourcecode.c.objc; path = AppDelegate.m; sourceTree = "<group>"; };
		0C26AF8E1EDEB5EA00D2334B /* ViewController.h */ = {isa = PBXFileReference; lastKnownFileType = sourcecode.c.h; path = ViewController.h; sourceTree = "<group>"; };
		0C26AF8F1EDEB5EA00D2334B /* ViewController.m */ = {isa = PBXFileReference; lastKnownFileType = sourcecode.c.objc; path = ViewController.m; sourceTree = "<group>"; };
		0C26AF921EDEB5EA00D2334B /* Base */ = {isa = PBXFileReference; lastKnownFileType = file.storyboard; name = Base; path = Base.lproj/Main.storyboard; sourceTree = "<group>"; };
		0C26AF941EDEB5EA00D2334B /* Assets.xcassets */ = {isa = PBXFileReference; lastKnownFileType = folder.assetcatalog; path = Assets.xcassets; sourceTree = "<group>"; };
		0C26AF971EDEB5EA00D2334B /* Base */ = {isa = PBXFileReference; lastKnownFileType = file.storyboard; name = Base; path = Base.lproj/LaunchScreen.storyboard; sourceTree = "<group>"; };
		0C26AF991EDEB5EA00D2334B /* Info.plist */ = {isa = PBXFileReference; lastKnownFileType = text.plist.xml; path = Info.plist; sourceTree = "<group>"; };
		0C26AF9F1EDEC46C00D2334B /* MyScrollView.h */ = {isa = PBXFileReference; fileEncoding = 4; lastKnownFileType = sourcecode.c.h; path = MyScrollView.h; sourceTree = "<group>"; };
		0C26AFA01EDEC46C00D2334B /* MyScrollView.m */ = {isa = PBXFileReference; fileEncoding = 4; lastKnownFileType = sourcecode.c.objc; path = MyScrollView.m; sourceTree = "<group>"; };
/* End PBXFileReference section */

/* Begin PBXFrameworksBuildPhase section */
		0C26AF821EDEB5EA00D2334B /* Frameworks */ = {
			isa = PBXFrameworksBuildPhase;
			buildActionMask = 2147483647;
			files = (
			);
			runOnlyForDeploymentPostprocessing = 0;
		};
/* End PBXFrameworksBuildPhase section */

/* Begin PBXGroup section */
		0C26AF7C1EDEB5EA00D2334B = {
			isa = PBXGroup;
			children = (
				0C26AF871EDEB5EA00D2334B /* ScrollViewExample */,
				0C26AF861EDEB5EA00D2334B /* Products */,
			);
			sourceTree = "<group>";
		};
		0C26AF861EDEB5EA00D2334B /* Products */ = {
			isa = PBXGroup;
			children = (
				0C26AF851EDEB5EA00D2334B /* ScrollViewExample.app */,
			);
			name = Products;
			sourceTree = "<group>";
		};
		0C26AF871EDEB5EA00D2334B /* ScrollViewExample */ = {
			isa = PBXGroup;
			children = (
				0C26AF8B1EDEB5EA00D2334B /* AppDelegate.h */,
				0C26AF8C1EDEB5EA00D2334B /* AppDelegate.m */,
				0C26AF8E1EDEB5EA00D2334B /* ViewController.h */,
				0C26AF8F1EDEB5EA00D2334B /* ViewController.m */,
				0C26AF9F1EDEC46C00D2334B /* MyScrollView.h */,
				0C26AFA01EDEC46C00D2334B /* MyScrollView.m */,
				0C26AF911EDEB5EA00D2334B /* Main.storyboard */,
				0C26AF941EDEB5EA00D2334B /* Assets.xcassets */,
				0C26AF961EDEB5EA00D2334B /* LaunchScreen.storyboard */,
				0C26AF991EDEB5EA00D2334B /* Info.plist */,
				0C26AF881EDEB5EA00D2334B /* Supporting Files */,
			);
			path = ScrollViewExample;
			sourceTree = "<group>";
		};
		0C26AF881EDEB5EA00D2334B /* Supporting Files */ = {
			isa = PBXGroup;
			children = (
				0C26AF891EDEB5EA00D2334B /* main.m */,
			);
			name = "Supporting Files";
			sourceTree = "<group>";
		};
/* End PBXGroup section */

/* Begin PBXNativeTarget section */
		0C26AF841EDEB5EA00D2334B /* ScrollViewExample */ = {
			isa = PBXNativeTarget;
			buildConfigurationList = 0C26AF9C1EDEB5EA00D2334B /* Build configuration list for PBXNativeTarget "ScrollViewExample" */;
			buildPhases = (
				0C26AF811EDEB5EA00D2334B /* Sources */,
				0C26AF821EDEB5EA00D2334B /* Frameworks */,
				0C26AF831EDEB5EA00D2334B /* Resources */,
			);
			buildRules = (
			);
			dependencies = (
			);
			name = ScrollViewExample;
			productName = ScrollViewExample;
			productReference = 0C26AF851EDEB5EA00D2334B /* ScrollViewExample.app */;
			productType = "com.apple.product-type.application";
		};
/* End PBXNativeTarget section */

/* Begin PBXProject section */
		0C26AF7D1EDEB5EA00D2334B /* Project object */ = {
			isa = PBXProject;
			attributes = {
				LastUpgradeCheck = 0830;
				ORGANIZATIONNAME = zhuxiaohui;
				TargetAttributes = {
					0C26AF841EDEB5EA00D2334B = {
						CreatedOnToolsVersion = 8.3.1;
						DevelopmentTeam = 6UD925M2H4;
						ProvisioningStyle = Automatic;
					};
				};
			};
			buildConfigurationList = 0C26AF801EDEB5EA00D2334B /* Build configuration list for PBXProject "ScrollViewExample" */;
			compatibilityVersion = "Xcode 3.2";
			developmentRegion = English;
			hasScannedForEncodings = 0;
			knownRegions = (
				en,
				Base,
			);
			mainGroup = 0C26AF7C1EDEB5EA00D2334B;
			productRefGroup = 0C26AF861EDEB5EA00D2334B /* Products */;
			projectDirPath = "";
			projectRoot = "";
			targets = (
				0C26AF841EDEB5EA00D2334B /* ScrollViewExample */,
			);
		};
/* End PBXProject section */

/* Begin PBXResourcesBuildPhase section */
		0C26AF831EDEB5EA00D2334B /* Resources */ = {
			isa = PBXResourcesBuildPhase;
			buildActionMask = 2147483647;
			files = (
				0C26AF981EDEB5EA00D2334B /* LaunchScreen.storyboard in Resources */,
				0C26AF951EDEB5EA00D2334B /* Assets.xcassets in Resources */,
				0C26AF931EDEB5EA00D2334B /* Main.storyboard in Resources */,
			);
			runOnlyForDeploymentPostprocessing = 0;
		};
/* End PBXResourcesBuildPhase section */

/* Begin PBXSourcesBuildPhase section */
		0C26AF811EDEB5EA00D2334B /* Sources */ = {
			isa = PBXSourcesBuildPhase;
			buildActionMask = 2147483647;
			files = (
				0C26AF901EDEB5EA00D2334B /* ViewController.m in Sources */,
				0C26AFA11EDEC46C00D2334B /* MyScrollView.m in Sources */,
				0C26AF8D1EDEB5EA00D2334B /* AppDelegate.m in Sources */,
				0C26AF8A1EDEB5EA00D2334B /* main.m in Sources */,
			);
			runOnlyForDeploymentPostprocessing = 0;
		};
/* End PBXSourcesBuildPhase section */

/* Begin PBXVariantGroup section */
		0C26AF911EDEB5EA00D2334B /* Main.storyboard */ = {
			isa = PBXVariantGroup;
			children = (
				0C26AF921EDEB5EA00D2334B /* Base */,
			);
			name = Main.storyboard;
			sourceTree = "<group>";
		};
		0C26AF961EDEB5EA00D2334B /* LaunchScreen.storyboard */ = {
			isa = PBXVariantGroup;
			children = (
				0C26AF971EDEB5EA00D2334B /* Base */,
			);
			name = LaunchScreen.storyboard;
			sourceTree = "<group>";
		};
/* End PBXVariantGroup section */

/* Begin XCBuildConfiguration section */
		0C26AF9A1EDEB5EA00D2334B /* Debug */ = {
			isa = XCBuildConfiguration;
			buildSettings = {
				ALWAYS_SEARCH_USER_PATHS = NO;
				CLANG_ANALYZER_NONNULL = YES;
				CLANG_ANALYZER_NUMBER_OBJECT_CONVERSION = YES_AGGRESSIVE;
				CLANG_CXX_LANGUAGE_STANDARD = "gnu++0x";
				CLANG_CXX_LIBRARY = "libc++";
				CLANG_ENABLE_MODULES = YES;
				CLANG_ENABLE_OBJC_ARC = YES;
				CLANG_WARN_BOOL_CONVERSION = YES;
				CLANG_WARN_CONSTANT_CONVERSION = YES;
				CLANG_WARN_DIRECT_OBJC_ISA_USAGE = YES_ERROR;
				CLANG_WARN_DOCUMENTATION_COMMENTS = YES;
				CLANG_WARN_EMPTY_BODY = YES;
				CLANG_WARN_ENUM_CONVERSION = YES;
				CLANG_WARN_INFINITE_RECURSION = YES;
				CLANG_WARN_INT_CONVERSION = YES;
				CLANG_WARN_OBJC_ROOT_CLASS = YES_ERROR;
				CLANG_WARN_SUSPICIOUS_MOVE = YES;
				CLANG_WARN_UNREACHABLE_CODE = YES;
				CLANG_WARN__DUPLICATE_METHOD_MATCH = YES;
				"CODE_SIGN_IDENTITY[sdk=iphoneos*]" = "iPhone Developer";
				COPY_PHASE_STRIP = NO;
				DEBUG_INFORMATION_FORMAT = dwarf;
				ENABLE_STRICT_OBJC_MSGSEND = YES;
				ENABLE_TESTABILITY = YES;
				GCC_C_LANGUAGE_STANDARD = gnu99;
				GCC_DYNAMIC_NO_PIC = NO;
				GCC_NO_COMMON_BLOCKS = YES;
				GCC_OPTIMIZATION_LEVEL = 0;
				GCC_PREPROCESSOR_DEFINITIONS = (
					"DEBUG=1",
					"$(inherited)",
				);
				GCC_WARN_64_TO_32_BIT_CONVERSION = YES;
				GCC_WARN_ABOUT_RETURN_TYPE = YES_ERROR;
				GCC_WARN_UNDECLARED_SELECTOR = YES;
				GCC_WARN_UNINITIALIZED_AUTOS = YES_AGGRESSIVE;
				GCC_WARN_UNUSED_FUNCTION = YES;
				GCC_WARN_UNUSED_VARIABLE = YES;
				IPHONEOS_DEPLOYMENT_TARGET = 10.3;
				MTL_ENABLE_DEBUG_INFO = YES;
				ONLY_ACTIVE_ARCH = YES;
				SDKROOT = iphoneos;
			};
			name = Debug;
		};
		0C26AF9B1EDEB5EA00D2334B /* Release */ = {
			isa = XCBuildConfiguration;
			buildSettings = {
				ALWAYS_SEARCH_USER_PATHS = NO;
				CLANG_ANALYZER_NONNULL = YES;
				CLANG_ANALYZER_NUMBER_OBJECT_CONVERSION = YES_AGGRESSIVE;
				CLANG_CXX_LANGUAGE_STANDARD = "gnu++0x";
				CLANG_CXX_LIBRARY = "libc++";
				CLANG_ENABLE_MODULES = YES;
				CLANG_ENABLE_OBJC_ARC = YES;
				CLANG_WARN_BOOL_CONVERSION = YES;
				CLANG_WARN_CONSTANT_CONVERSION = YES;
				CLANG_WARN_DIRECT_OBJC_ISA_USAGE = YES_ERROR;
				CLANG_WARN_DOCUMENTATION_COMMENTS = YES;
				CLANG_WARN_EMPTY_BODY = YES;
				CLANG_WARN_ENUM_CONVERSION = YES;
				CLANG_WARN_INFINITE_RECURSION = YES;
				CLANG_WARN_INT_CONVERSION = YES;
				CLANG_WARN_OBJC_ROOT_CLASS = YES_ERROR;
				CLANG_WARN_SUSPICIOUS_MOVE = YES;
				CLANG_WARN_UNREACHABLE_CODE = YES;
				CLANG_WARN__DUPLICATE_METHOD_MATCH = YES;
				"CODE_SIGN_IDENTITY[sdk=iphoneos*]" = "iPhone Developer";
				COPY_PHASE_STRIP = NO;
				DEBUG_INFORMATION_FORMAT = "dwarf-with-dsym";
				ENABLE_NS_ASSERTIONS = NO;
				ENABLE_STRICT_OBJC_MSGSEND = YES;
				GCC_C_LANGUAGE_STANDARD = gnu99;
				GCC_NO_COMMON_BLOCKS = YES;
				GCC_WARN_64_TO_32_BIT_CONVERSION = YES;
				GCC_WARN_ABOUT_RETURN_TYPE = YES_ERROR;
				GCC_WARN_UNDECLARED_SELECTOR = YES;
				GCC_WARN_UNINITIALIZED_AUTOS = YES_AGGRESSIVE;
				GCC_WARN_UNUSED_FUNCTION = YES;
				GCC_WARN_UNUSED_VARIABLE = YES;
				IPHONEOS_DEPLOYMENT_TARGET = 10.3;
				MTL_ENABLE_DEBUG_INFO = NO;
				SDKROOT = iphoneos;
				VALIDATE_PRODUCT = YES;
			};
			name = Release;
		};
		0C26AF9D1EDEB5EA00D2334B /* Debug */ = {
			isa = XCBuildConfiguration;
			buildSettings = {
				ASSETCATALOG_COMPILER_APPICON_NAME = AppIcon;
				DEVELOPMENT_TEAM = 6UD925M2H4;
				INFOPLIST_FILE = ScrollViewExample/Info.plist;
				LD_RUNPATH_SEARCH_PATHS = "$(inherited) @executable_path/Frameworks";
				PRODUCT_BUNDLE_IDENTIFIER = com.it7090.ScrollViewExample;
				PRODUCT_NAME = "$(TARGET_NAME)";
			};
			name = Debug;
		};
		0C26AF9E1EDEB5EA00D2334B /* Release */ = {
			isa = XCBuildConfiguration;
			buildSettings = {
				ASSETCATALOG_COMPILER_APPICON_NAME = AppIcon;
				DEVELOPMENT_TEAM = 6UD925M2H4;
				INFOPLIST_FILE = ScrollViewExample/Info.plist;
				LD_RUNPATH_SEARCH_PATHS = "$(inherited) @executable_path/Frameworks";
				PRODUCT_BUNDLE_IDENTIFIER = com.it7090.ScrollViewExample;
				PRODUCT_NAME = "$(TARGET_NAME)";
			};
			name = Release;
		};
/* End XCBuildConfiguration section */

/* Begin XCConfigurationList section */
		0C26AF801EDEB5EA00D2334B /* Build configuration list for PBXProject "ScrollViewExample" */ = {
			isa = XCConfigurationList;
			buildConfigurations = (
				0C26AF9A1EDEB5EA00D2334B /* Debug */,
				0C26AF9B1EDEB5EA00D2334B /* Release */,
			);
			defaultConfigurationIsVisible = 0;
			defaultConfigurationName = Release;
		};
		0C26AF9C1EDEB5EA00D2334B /* Build configuration list for PBXNativeTarget "ScrollViewExample" */ = {
			isa = XCConfigurationList;
			buildConfigurations = (
				0C26AF9D1EDEB5EA00D2334B /* Debug */,
				0C26AF9E1EDEB5EA00D2334B /* Release */,
			);
			defaultConfigurationIsVisible = 0;
			defaultConfigurationName = Release;
		};
/* End XCConfigurationList section */
	};
	rootObject = 0C26AF7D1EDEB5EA00D2334B /* Project object */;
}
