// !$*UTF8*$!
{
	archiveVersion = 1;
	classes = {
	};
	objectVersion = 46;
	objects = {

/* Begin PBXBuildFile section */
		0CDB467A1EE94748007FD067 /* main.m in Sources */ = {isa = PBXBuildFile; fileRef = 0CDB46791EE94748007FD067 /* main.m */; };
		0CDB467D1EE94748007FD067 /* AppDelegate.m in Sources */ = {isa = PBXBuildFile; fileRef = 0CDB467C1EE94748007FD067 /* AppDelegate.m */; };
		0CDB46801EE94748007FD067 /* ViewController.m in Sources */ = {isa = PBXBuildFile; fileRef = 0CDB467F1EE94748007FD067 /* ViewController.m */; };
		0CDB46831EE94748007FD067 /* Main.storyboard in Resources */ = {isa = PBXBuildFile; fileRef = 0CDB46811EE94748007FD067 /* Main.storyboard */; };
		0CDB46851EE94748007FD067 /* Assets.xcassets in Resources */ = {isa = PBXBuildFile; fileRef = 0CDB46841EE94748007FD067 /* Assets.xcassets */; };
		0CDB46881EE94748007FD067 /* LaunchScreen.storyboard in Resources */ = {isa = PBXBuildFile; fileRef = 0CDB46861EE94748007FD067 /* LaunchScreen.storyboard */; };
		0CDB46921EE94CF1007FD067 /* Person.m in Sources */ = {isa = PBXBuildFile; fileRef = 0CDB46911EE94CF1007FD067 /* Person.m */; };
		5B906B758B72CF356E5E26BE /* libPods-RACExample.a in Frameworks */ = {isa = PBXBuildFile; fileRef = 2032B809ED6C6ACEB8CDB516 /* libPods-RACExample.a */; };
/* End PBXBuildFile section */

/* Begin PBXFileReference section */
		0CDB46751EE94748007FD067 /* RACExample.app */ = {isa = PBXFileReference; explicitFileType = wrapper.application; includeInIndex = 0; path = RACExample.app; sourceTree = BUILT_PRODUCTS_DIR; };
		0CDB46791EE94748007FD067 /* main.m */ = {isa = PBXFileReference; lastKnownFileType = sourcecode.c.objc; path = main.m; sourceTree = "<group>"; };
		0CDB467B1EE94748007FD067 /* AppDelegate.h */ = {isa = PBXFileReference; lastKnownFileType = sourcecode.c.h; path = AppDelegate.h; sourceTree = "<group>"; };
		0CDB467C1EE94748007FD067 /* AppDelegate.m */ = {isa = PBXFileReference; lastKnownFileType = sourcecode.c.objc; path = AppDelegate.m; sourceTree = "<group>"; };
		0CDB467E1EE94748007FD067 /* ViewController.h */ = {isa = PBXFileReference; lastKnownFileType = sourcecode.c.h; path = ViewController.h; sourceTree = "<group>"; };
		0CDB467F1EE94748007FD067 /* ViewController.m */ = {isa = PBXFileReference; lastKnownFileType = sourcecode.c.objc; path = ViewController.m; sourceTree = "<group>"; };
		0CDB46821EE94748007FD067 /* Base */ = {isa = PBXFileReference; lastKnownFileType = file.storyboard; name = Base; path = Base.lproj/Main.storyboard; sourceTree = "<group>"; };
		0CDB46841EE94748007FD067 /* Assets.xcassets */ = {isa = PBXFileReference; lastKnownFileType = folder.assetcatalog; path = Assets.xcassets; sourceTree = "<group>"; };
		0CDB46871EE94748007FD067 /* Base */ = {isa = PBXFileReference; lastKnownFileType = file.storyboard; name = Base; path = Base.lproj/LaunchScreen.storyboard; sourceTree = "<group>"; };
		0CDB46891EE94748007FD067 /* Info.plist */ = {isa = PBXFileReference; lastKnownFileType = text.plist.xml; path = Info.plist; sourceTree = "<group>"; };
		0CDB46901EE94CF1007FD067 /* Person.h */ = {isa = PBXFileReference; fileEncoding = 4; lastKnownFileType = sourcecode.c.h; path = Person.h; sourceTree = "<group>"; };
		0CDB46911EE94CF1007FD067 /* Person.m */ = {isa = PBXFileReference; fileEncoding = 4; lastKnownFileType = sourcecode.c.objc; path = Person.m; sourceTree = "<group>"; };
		2032B809ED6C6ACEB8CDB516 /* libPods-RACExample.a */ = {isa = PBXFileReference; explicitFileType = archive.ar; includeInIndex = 0; path = "libPods-RACExample.a"; sourceTree = BUILT_PRODUCTS_DIR; };
		BE03E9120486CE717896BEAE /* Pods-RACExample.debug.xcconfig */ = {isa = PBXFileReference; includeInIndex = 1; lastKnownFileType = text.xcconfig; name = "Pods-RACExample.debug.xcconfig"; path = "Pods/Target Support Files/Pods-RACExample/Pods-RACExample.debug.xcconfig"; sourceTree = "<group>"; };
		CAED099FBBAE0094D139210B /* Pods-RACExample.release.xcconfig */ = {isa = PBXFileReference; includeInIndex = 1; lastKnownFileType = text.xcconfig; name = "Pods-RACExample.release.xcconfig"; path = "Pods/Target Support Files/Pods-RACExample/Pods-RACExample.release.xcconfig"; sourceTree = "<group>"; };
/* End PBXFileReference section */

/* Begin PBXFrameworksBuildPhase section */
		0CDB46721EE94748007FD067 /* Frameworks */ = {
			isa = PBXFrameworksBuildPhase;
			buildActionMask = 2147483647;
			files = (
				5B906B758B72CF356E5E26BE /* libPods-RACExample.a in Frameworks */,
			);
			runOnlyForDeploymentPostprocessing = 0;
		};
/* End PBXFrameworksBuildPhase section */

/* Begin PBXGroup section */
		0CDB466C1EE94748007FD067 = {
			isa = PBXGroup;
			children = (
				0CDB46771EE94748007FD067 /* RACExample */,
				0CDB46761EE94748007FD067 /* Products */,
				193EDFC0B4A40EC3B17F1009 /* Pods */,
				17C2B227D01B31A68A0FE494 /* Frameworks */,
			);
			sourceTree = "<group>";
		};
		0CDB46761EE94748007FD067 /* Products */ = {
			isa = PBXGroup;
			children = (
				0CDB46751EE94748007FD067 /* RACExample.app */,
			);
			name = Products;
			sourceTree = "<group>";
		};
		0CDB46771EE94748007FD067 /* RACExample */ = {
			isa = PBXGroup;
			children = (
				0CDB468F1EE94CE4007FD067 /* Model */,
				0CDB467B1EE94748007FD067 /* AppDelegate.h */,
				0CDB467C1EE94748007FD067 /* AppDelegate.m */,
				0CDB467E1EE94748007FD067 /* ViewController.h */,
				0CDB467F1EE94748007FD067 /* ViewController.m */,
				0CDB46811EE94748007FD067 /* Main.storyboard */,
				0CDB46841EE94748007FD067 /* Assets.xcassets */,
				0CDB46861EE94748007FD067 /* LaunchScreen.storyboard */,
				0CDB46891EE94748007FD067 /* Info.plist */,
				0CDB46781EE94748007FD067 /* Supporting Files */,
			);
			path = RACExample;
			sourceTree = "<group>";
		};
		0CDB46781EE94748007FD067 /* Supporting Files */ = {
			isa = PBXGroup;
			children = (
				0CDB46791EE94748007FD067 /* main.m */,
			);
			name = "Supporting Files";
			sourceTree = "<group>";
		};
		0CDB468F1EE94CE4007FD067 /* Model */ = {
			isa = PBXGroup;
			children = (
				0CDB46901EE94CF1007FD067 /* Person.h */,
				0CDB46911EE94CF1007FD067 /* Person.m */,
			);
			path = Model;
			sourceTree = "<group>";
		};
		17C2B227D01B31A68A0FE494 /* Frameworks */ = {
			isa = PBXGroup;
			children = (
				2032B809ED6C6ACEB8CDB516 /* libPods-RACExample.a */,
			);
			name = Frameworks;
			sourceTree = "<group>";
		};
		193EDFC0B4A40EC3B17F1009 /* Pods */ = {
			isa = PBXGroup;
			children = (
				BE03E9120486CE717896BEAE /* Pods-RACExample.debug.xcconfig */,
				CAED099FBBAE0094D139210B /* Pods-RACExample.release.xcconfig */,
			);
			name = Pods;
			sourceTree = "<group>";
		};
/* End PBXGroup section */

/* Begin PBXNativeTarget section */
		0CDB46741EE94748007FD067 /* RACExample */ = {
			isa = PBXNativeTarget;
			buildConfigurationList = 0CDB468C1EE94748007FD067 /* Build configuration list for PBXNativeTarget "RACExample" */;
			buildPhases = (
				92BB4981AF5A91BF4B919F6E /* [CP] Check Pods Manifest.lock */,
				0CDB46711EE94748007FD067 /* Sources */,
				0CDB46721EE94748007FD067 /* Frameworks */,
				0CDB46731EE94748007FD067 /* Resources */,
				FEB181D5AA1A7CF50FB37A82 /* [CP] Embed Pods Frameworks */,
				41FF13213F184D9CBE248A29 /* [CP] Copy Pods Resources */,
			);
			buildRules = (
			);
			dependencies = (
			);
			name = RACExample;
			productName = RACExample;
			productReference = 0CDB46751EE94748007FD067 /* RACExample.app */;
			productType = "com.apple.product-type.application";
		};
/* End PBXNativeTarget section */

/* Begin PBXProject section */
		0CDB466D1EE94748007FD067 /* Project object */ = {
			isa = PBXProject;
			attributes = {
				LastUpgradeCheck = 0830;
				ORGANIZATIONNAME = zhuxiaohui;
				TargetAttributes = {
					0CDB46741EE94748007FD067 = {
						CreatedOnToolsVersion = 8.3.1;
						ProvisioningStyle = Automatic;
					};
				};
			};
			buildConfigurationList = 0CDB46701EE94748007FD067 /* Build configuration list for PBXProject "RACExample" */;
			compatibilityVersion = "Xcode 3.2";
			developmentRegion = English;
			hasScannedForEncodings = 0;
			knownRegions = (
				en,
				Base,
			);
			mainGroup = 0CDB466C1EE94748007FD067;
			productRefGroup = 0CDB46761EE94748007FD067 /* Products */;
			projectDirPath = "";
			projectRoot = "";
			targets = (
				0CDB46741EE94748007FD067 /* RACExample */,
			);
		};
/* End PBXProject section */

/* Begin PBXResourcesBuildPhase section */
		0CDB46731EE94748007FD067 /* Resources */ = {
			isa = PBXResourcesBuildPhase;
			buildActionMask = 2147483647;
			files = (
				0CDB46881EE94748007FD067 /* LaunchScreen.storyboard in Resources */,
				0CDB46851EE94748007FD067 /* Assets.xcassets in Resources */,
				0CDB46831EE94748007FD067 /* Main.storyboard in Resources */,
			);
			runOnlyForDeploymentPostprocessing = 0;
		};
/* End PBXResourcesBuildPhase section */

/* Begin PBXShellScriptBuildPhase section */
		41FF13213F184D9CBE248A29 /* [CP] Copy Pods Resources */ = {
			isa = PBXShellScriptBuildPhase;
			buildActionMask = 2147483647;
			files = (
			);
			inputPaths = (
			);
			name = "[CP] Copy Pods Resources";
			outputPaths = (
			);
			runOnlyForDeploymentPostprocessing = 0;
			shellPath = /bin/sh;
			shellScript = "\"${SRCROOT}/Pods/Target Support Files/Pods-RACExample/Pods-RACExample-resources.sh\"\n";
			showEnvVarsInLog = 0;
		};
		92BB4981AF5A91BF4B919F6E /* [CP] Check Pods Manifest.lock */ = {
			isa = PBXShellScriptBuildPhase;
			buildActionMask = 2147483647;
			files = (
			);
			inputPaths = (
			);
			name = "[CP] Check Pods Manifest.lock";
			outputPaths = (
			);
			runOnlyForDeploymentPostprocessing = 0;
			shellPath = /bin/sh;
			shellScript = "diff \"${PODS_PODFILE_DIR_PATH}/Podfile.lock\" \"${PODS_ROOT}/Manifest.lock\" > /dev/null\nif [ $? != 0 ] ; then\n    # print error to STDERR\n    echo \"error: The sandbox is not in sync with the Podfile.lock. Run 'pod install' or update your CocoaPods installation.\" >&2\n    exit 1\nfi\n";
			showEnvVarsInLog = 0;
		};
		FEB181D5AA1A7CF50FB37A82 /* [CP] Embed Pods Frameworks */ = {
			isa = PBXShellScriptBuildPhase;
			buildActionMask = 2147483647;
			files = (
			);
			inputPaths = (
			);
			name = "[CP] Embed Pods Frameworks";
			outputPaths = (
			);
			runOnlyForDeploymentPostprocessing = 0;
			shellPath = /bin/sh;
			shellScript = "\"${SRCROOT}/Pods/Target Support Files/Pods-RACExample/Pods-RACExample-frameworks.sh\"\n";
			showEnvVarsInLog = 0;
		};
/* End PBXShellScriptBuildPhase section */

/* Begin PBXSourcesBuildPhase section */
		0CDB46711EE94748007FD067 /* Sources */ = {
			isa = PBXSourcesBuildPhase;
			buildActionMask = 2147483647;
			files = (
				0CDB46801EE94748007FD067 /* ViewController.m in Sources */,
				0CDB467D1EE94748007FD067 /* AppDelegate.m in Sources */,
				0CDB46921EE94CF1007FD067 /* Person.m in Sources */,
				0CDB467A1EE94748007FD067 /* main.m in Sources */,
			);
			runOnlyForDeploymentPostprocessing = 0;
		};
/* End PBXSourcesBuildPhase section */

/* Begin PBXVariantGroup section */
		0CDB46811EE94748007FD067 /* Main.storyboard */ = {
			isa = PBXVariantGroup;
			children = (
				0CDB46821EE94748007FD067 /* Base */,
			);
			name = Main.storyboard;
			sourceTree = "<group>";
		};
		0CDB46861EE94748007FD067 /* LaunchScreen.storyboard */ = {
			isa = PBXVariantGroup;
			children = (
				0CDB46871EE94748007FD067 /* Base */,
			);
			name = LaunchScreen.storyboard;
			sourceTree = "<group>";
		};
/* End PBXVariantGroup section */

/* Begin XCBuildConfiguration section */
		0CDB468A1EE94748007FD067 /* Debug */ = {
			isa = XCBuildConfiguration;
			buildSettings = {
				ALWAYS_SEARCH_USER_PATHS = NO;
				CLANG_ANALYZER_NONNULL = YES;
				CLANG_ANALYZER_NUMBER_OBJECT_CONVERSION = YES_AGGRESSIVE;
				CLANG_CXX_LANGUAGE_STANDARD = "gnu++0x";
				CLANG_CXX_LIBRARY = "libc++";
				CLANG_ENABLE_MODULES = YES;
				CLANG_ENABLE_OBJC_ARC = YES;
				CLANG_WARN_BOOL_CONVERSION = YES;
				CLANG_WARN_CONSTANT_CONVERSION = YES;
				CLANG_WARN_DIRECT_OBJC_ISA_USAGE = YES_ERROR;
				CLANG_WARN_DOCUMENTATION_COMMENTS = YES;
				CLANG_WARN_EMPTY_BODY = YES;
				CLANG_WARN_ENUM_CONVERSION = YES;
				CLANG_WARN_INFINITE_RECURSION = YES;
				CLANG_WARN_INT_CONVERSION = YES;
				CLANG_WARN_OBJC_ROOT_CLASS = YES_ERROR;
				CLANG_WARN_SUSPICIOUS_MOVE = YES;
				CLANG_WARN_UNREACHABLE_CODE = YES;
				CLANG_WARN__DUPLICATE_METHOD_MATCH = YES;
				"CODE_SIGN_IDENTITY[sdk=iphoneos*]" = "iPhone Developer";
				COPY_PHASE_STRIP = NO;
				DEBUG_INFORMATION_FORMAT = dwarf;
				ENABLE_STRICT_OBJC_MSGSEND = YES;
				ENABLE_TESTABILITY = YES;
				GCC_C_LANGUAGE_STANDARD = gnu99;
				GCC_DYNAMIC_NO_PIC = NO;
				GCC_NO_COMMON_BLOCKS = YES;
				GCC_OPTIMIZATION_LEVEL = 0;
				GCC_PREPROCESSOR_DEFINITIONS = (
					"DEBUG=1",
					"$(inherited)",
				);
				GCC_WARN_64_TO_32_BIT_CONVERSION = YES;
				GCC_WARN_ABOUT_RETURN_TYPE = YES_ERROR;
				GCC_WARN_UNDECLARED_SELECTOR = YES;
				GCC_WARN_UNINITIALIZED_AUTOS = YES_AGGRESSIVE;
				GCC_WARN_UNUSED_FUNCTION = YES;
				GCC_WARN_UNUSED_VARIABLE = YES;
				IPHONEOS_DEPLOYMENT_TARGET = 10.3;
				MTL_ENABLE_DEBUG_INFO = YES;
				ONLY_ACTIVE_ARCH = YES;
				SDKROOT = iphoneos;
			};
			name = Debug;
		};
		0CDB468B1EE94748007FD067 /* Release */ = {
			isa = XCBuildConfiguration;
			buildSettings = {
				ALWAYS_SEARCH_USER_PATHS = NO;
				CLANG_ANALYZER_NONNULL = YES;
				CLANG_ANALYZER_NUMBER_OBJECT_CONVERSION = YES_AGGRESSIVE;
				CLANG_CXX_LANGUAGE_STANDARD = "gnu++0x";
				CLANG_CXX_LIBRARY = "libc++";
				CLANG_ENABLE_MODULES = YES;
				CLANG_ENABLE_OBJC_ARC = YES;
				CLANG_WARN_BOOL_CONVERSION = YES;
				CLANG_WARN_CONSTANT_CONVERSION = YES;
				CLANG_WARN_DIRECT_OBJC_ISA_USAGE = YES_ERROR;
				CLANG_WARN_DOCUMENTATION_COMMENTS = YES;
				CLANG_WARN_EMPTY_BODY = YES;
				CLANG_WARN_ENUM_CONVERSION = YES;
				CLANG_WARN_INFINITE_RECURSION = YES;
				CLANG_WARN_INT_CONVERSION = YES;
				CLANG_WARN_OBJC_ROOT_CLASS = YES_ERROR;
				CLANG_WARN_SUSPICIOUS_MOVE = YES;
				CLANG_WARN_UNREACHABLE_CODE = YES;
				CLANG_WARN__DUPLICATE_METHOD_MATCH = YES;
				"CODE_SIGN_IDENTITY[sdk=iphoneos*]" = "iPhone Developer";
				COPY_PHASE_STRIP = NO;
				DEBUG_INFORMATION_FORMAT = "dwarf-with-dsym";
				ENABLE_NS_ASSERTIONS = NO;
				ENABLE_STRICT_OBJC_MSGSEND = YES;
				GCC_C_LANGUAGE_STANDARD = gnu99;
				GCC_NO_COMMON_BLOCKS = YES;
				GCC_WARN_64_TO_32_BIT_CONVERSION = YES;
				GCC_WARN_ABOUT_RETURN_TYPE = YES_ERROR;
				GCC_WARN_UNDECLARED_SELECTOR = YES;
				GCC_WARN_UNINITIALIZED_AUTOS = YES_AGGRESSIVE;
				GCC_WARN_UNUSED_FUNCTION = YES;
				GCC_WARN_UNUSED_VARIABLE = YES;
				IPHONEOS_DEPLOYMENT_TARGET = 10.3;
				MTL_ENABLE_DEBUG_INFO = NO;
				SDKROOT = iphoneos;
				VALIDATE_PRODUCT = YES;
			};
			name = Release;
		};
		0CDB468D1EE94748007FD067 /* Debug */ = {
			isa = XCBuildConfiguration;
			baseConfigurationReference = BE03E9120486CE717896BEAE /* Pods-RACExample.debug.xcconfig */;
			buildSettings = {
				ASSETCATALOG_COMPILER_APPICON_NAME = AppIcon;
				INFOPLIST_FILE = RACExample/Info.plist;
				LD_RUNPATH_SEARCH_PATHS = "$(inherited) @executable_path/Frameworks";
				PRODUCT_BUNDLE_IDENTIFIER = com.it7090.RACExample;
				PRODUCT_NAME = "$(TARGET_NAME)";
			};
			name = Debug;
		};
		0CDB468E1EE94748007FD067 /* Release */ = {
			isa = XCBuildConfiguration;
			baseConfigurationReference = CAED099FBBAE0094D139210B /* Pods-RACExample.release.xcconfig */;
			buildSettings = {
				ASSETCATALOG_COMPILER_APPICON_NAME = AppIcon;
				INFOPLIST_FILE = RACExample/Info.plist;
				LD_RUNPATH_SEARCH_PATHS = "$(inherited) @executable_path/Frameworks";
				PRODUCT_BUNDLE_IDENTIFIER = com.it7090.RACExample;
				PRODUCT_NAME = "$(TARGET_NAME)";
			};
			name = Release;
		};
/* End XCBuildConfiguration section */

/* Begin XCConfigurationList section */
		0CDB46701EE94748007FD067 /* Build configuration list for PBXProject "RACExample" */ = {
			isa = XCConfigurationList;
			buildConfigurations = (
				0CDB468A1EE94748007FD067 /* Debug */,
				0CDB468B1EE94748007FD067 /* Release */,
			);
			defaultConfigurationIsVisible = 0;
			defaultConfigurationName = Release;
		};
		0CDB468C1EE94748007FD067 /* Build configuration list for PBXNativeTarget "RACExample" */ = {
			isa = XCConfigurationList;
			buildConfigurations = (
				0CDB468D1EE94748007FD067 /* Debug */,
				0CDB468E1EE94748007FD067 /* Release */,
			);
			defaultConfigurationIsVisible = 0;
			defaultConfigurationName = Release;
		};
/* End XCConfigurationList section */
	};
	rootObject = 0CDB466D1EE94748007FD067 /* Project object */;
}
